// !$*UTF8*$!
{
	archiveVersion = 1;
	classes = {
	};
	objectVersion = 45;
	objects = {

/* Begin PBXBuildFile section */
		1D3623260D0F684500981E51 /* iBigTextAppDelegate.m in Sources */ = {isa = PBXBuildFile; fileRef = 1D3623250D0F684500981E51 /* iBigTextAppDelegate.m */; };
		1D60589B0D05DD56006BFB54 /* main.m in Sources */ = {isa = PBXBuildFile; fileRef = 29B97316FDCFA39411CA2CEA /* main.m */; };
		1D60589F0D05DD5A006BFB54 /* Foundation.framework in Frameworks */ = {isa = PBXBuildFile; fileRef = 1D30AB110D05D00D00671497 /* Foundation.framework */; };
		1DF5F4E00D08C38300B7A737 /* UIKit.framework in Frameworks */ = {isa = PBXBuildFile; fileRef = 1DF5F4DF0D08C38300B7A737 /* UIKit.framework */; };
		288765A50DF7441C002DB57D /* CoreGraphics.framework in Frameworks */ = {isa = PBXBuildFile; fileRef = 288765A40DF7441C002DB57D /* CoreGraphics.framework */; };
		2899E5220DE3E06400AC0155 /* iBigTextViewController.xib in Resources */ = {isa = PBXBuildFile; fileRef = 2899E5210DE3E06400AC0155 /* iBigTextViewController.xib */; };
		28AD733F0D9D9553002E5188 /* MainWindow.xib in Resources */ = {isa = PBXBuildFile; fileRef = 28AD733E0D9D9553002E5188 /* MainWindow.xib */; };
		28D7ACF80DDB3853001CB0EB /* iBigTextViewController.m in Sources */ = {isa = PBXBuildFile; fileRef = 28D7ACF70DDB3853001CB0EB /* iBigTextViewController.m */; };
		E7045C39108E9ACE00EA41E9 /* icon.png in Resources */ = {isa = PBXBuildFile; fileRef = E7045C38108E9ACE00EA41E9 /* icon.png */; };
		E730564C10A922A400A3037E /* icon.jpg in Resources */ = {isa = PBXBuildFile; fileRef = E730564810A922A400A3037E /* icon.jpg */; };
		E730564D10A922A400A3037E /* image_large.jpg in Resources */ = {isa = PBXBuildFile; fileRef = E730564910A922A400A3037E /* image_large.jpg */; };
		E730564E10A922A400A3037E /* PriSS.png in Resources */ = {isa = PBXBuildFile; fileRef = E730564A10A922A400A3037E /* PriSS.png */; };
		E730564F10A922A400A3037E /* terms.sqlite in Resources */ = {isa = PBXBuildFile; fileRef = E730564B10A922A400A3037E /* terms.sqlite */; };
		E73A7D5A11057419001FBDB7 /* Entitlements.plist in Resources */ = {isa = PBXBuildFile; fileRef = E73A7D5911057419001FBDB7 /* Entitlements.plist */; };
		E7562B49108C12A900E60CC5 /* bg.png in Resources */ = {isa = PBXBuildFile; fileRef = E7562B48108C12A900E60CC5 /* bg.png */; };
		E7562C03108D239800E60CC5 /* iBigTextTermsController.m in Sources */ = {isa = PBXBuildFile; fileRef = E7562C01108D239800E60CC5 /* iBigTextTermsController.m */; };
		E7562C04108D239800E60CC5 /* iBigTextTermsController.xib in Resources */ = {isa = PBXBuildFile; fileRef = E7562C02108D239800E60CC5 /* iBigTextTermsController.xib */; };
		E7562CB6108D365000E60CC5 /* Terms.xcdatamodel in Sources */ = {isa = PBXBuildFile; fileRef = E7562CB5108D365000E60CC5 /* Terms.xcdatamodel */; };
		E7562D8D108D586F00E60CC5 /* Term.m in Sources */ = {isa = PBXBuildFile; fileRef = E7562D8C108D586F00E60CC5 /* Term.m */; };
		E7562D92108D588A00E60CC5 /* CoreData.framework in Frameworks */ = {isa = PBXBuildFile; fileRef = E7562D91108D588A00E60CC5 /* CoreData.framework */; };
/* End PBXBuildFile section */

/* Begin PBXFileReference section */
		1D30AB110D05D00D00671497 /* Foundation.framework */ = {isa = PBXFileReference; lastKnownFileType = wrapper.framework; name = Foundation.framework; path = System/Library/Frameworks/Foundation.framework; sourceTree = SDKROOT; };
		1D3623240D0F684500981E51 /* iBigTextAppDelegate.h */ = {isa = PBXFileReference; fileEncoding = 4; lastKnownFileType = sourcecode.c.h; path = iBigTextAppDelegate.h; sourceTree = "<group>"; };
		1D3623250D0F684500981E51 /* iBigTextAppDelegate.m */ = {isa = PBXFileReference; fileEncoding = 4; lastKnownFileType = sourcecode.c.objc; path = iBigTextAppDelegate.m; sourceTree = "<group>"; };
		1D6058910D05DD3D006BFB54 /* iBigText.app */ = {isa = PBXFileReference; explicitFileType = wrapper.application; includeInIndex = 0; path = iBigText.app; sourceTree = BUILT_PRODUCTS_DIR; };
		1DF5F4DF0D08C38300B7A737 /* UIKit.framework */ = {isa = PBXFileReference; lastKnownFileType = wrapper.framework; name = UIKit.framework; path = System/Library/Frameworks/UIKit.framework; sourceTree = SDKROOT; };
		288765A40DF7441C002DB57D /* CoreGraphics.framework */ = {isa = PBXFileReference; lastKnownFileType = wrapper.framework; name = CoreGraphics.framework; path = System/Library/Frameworks/CoreGraphics.framework; sourceTree = SDKROOT; };
		2899E5210DE3E06400AC0155 /* iBigTextViewController.xib */ = {isa = PBXFileReference; lastKnownFileType = file.xib; path = iBigTextViewController.xib; sourceTree = "<group>"; };
		28AD733E0D9D9553002E5188 /* MainWindow.xib */ = {isa = PBXFileReference; lastKnownFileType = file.xib; path = MainWindow.xib; sourceTree = "<group>"; };
		28D7ACF60DDB3853001CB0EB /* iBigTextViewController.h */ = {isa = PBXFileReference; fileEncoding = 4; lastKnownFileType = sourcecode.c.h; path = iBigTextViewController.h; sourceTree = "<group>"; };
		28D7ACF70DDB3853001CB0EB /* iBigTextViewController.m */ = {isa = PBXFileReference; fileEncoding = 4; lastKnownFileType = sourcecode.c.objc; path = iBigTextViewController.m; sourceTree = "<group>"; };
		29B97316FDCFA39411CA2CEA /* main.m */ = {isa = PBXFileReference; fileEncoding = 4; lastKnownFileType = sourcecode.c.objc; path = main.m; sourceTree = "<group>"; };
		32CA4F630368D1EE00C91783 /* iBigText_Prefix.pch */ = {isa = PBXFileReference; fileEncoding = 4; lastKnownFileType = sourcecode.c.h; path = iBigText_Prefix.pch; sourceTree = "<group>"; };
		8D1107310486CEB800E47090 /* iBigText-Info.plist */ = {isa = PBXFileReference; fileEncoding = 4; lastKnownFileType = text.plist.xml; path = "iBigText-Info.plist"; plistStructureDefinitionIdentifier = "com.apple.xcode.plist.structure-definition.iphone.info-plist"; sourceTree = "<group>"; };
		E7045C38108E9ACE00EA41E9 /* icon.png */ = {isa = PBXFileReference; lastKnownFileType = image.png; path = icon.png; sourceTree = "<group>"; };
		E730564810A922A400A3037E /* icon.jpg */ = {isa = PBXFileReference; lastKnownFileType = image.jpeg; path = icon.jpg; sourceTree = "<group>"; };
		E730564910A922A400A3037E /* image_large.jpg */ = {isa = PBXFileReference; lastKnownFileType = image.jpeg; path = image_large.jpg; sourceTree = "<group>"; };
		E730564A10A922A400A3037E /* PriSS.png */ = {isa = PBXFileReference; lastKnownFileType = image.png; path = PriSS.png; sourceTree = "<group>"; };
		E730564B10A922A400A3037E /* terms.sqlite */ = {isa = PBXFileReference; lastKnownFileType = file; path = terms.sqlite; sourceTree = "<group>"; };
		E73A7D5911057419001FBDB7 /* Entitlements.plist */ = {isa = PBXFileReference; fileEncoding = 4; lastKnownFileType = text.plist.xml; path = Entitlements.plist; sourceTree = "<group>"; };
		E7562B48108C12A900E60CC5 /* bg.png */ = {isa = PBXFileReference; lastKnownFileType = image.png; path = bg.png; sourceTree = "<group>"; };
		E7562C00108D239800E60CC5 /* iBigTextTermsController.h */ = {isa = PBXFileReference; fileEncoding = 4; lastKnownFileType = sourcecode.c.h; path = iBigTextTermsController.h; sourceTree = "<group>"; };
		E7562C01108D239800E60CC5 /* iBigTextTermsController.m */ = {isa = PBXFileReference; fileEncoding = 4; lastKnownFileType = sourcecode.c.objc; path = iBigTextTermsController.m; sourceTree = "<group>"; };
		E7562C02108D239800E60CC5 /* iBigTextTermsController.xib */ = {isa = PBXFileReference; lastKnownFileType = file.xib; name = iBigTextTermsController.xib; path = Classes/iBigTextTermsController.xib; sourceTree = "<group>"; };
		E7562CB5108D365000E60CC5 /* Terms.xcdatamodel */ = {isa = PBXFileReference; fileEncoding = 4; lastKnownFileType = wrapper.xcdatamodel; path = Terms.xcdatamodel; sourceTree = "<group>"; };
		E7562D8B108D586F00E60CC5 /* Term.h */ = {isa = PBXFileReference; fileEncoding = 4; lastKnownFileType = sourcecode.c.h; path = Term.h; sourceTree = "<group>"; };
		E7562D8C108D586F00E60CC5 /* Term.m */ = {isa = PBXFileReference; fileEncoding = 4; lastKnownFileType = sourcecode.c.objc; path = Term.m; sourceTree = "<group>"; };
		E7562D91108D588A00E60CC5 /* CoreData.framework */ = {isa = PBXFileReference; lastKnownFileType = wrapper.framework; name = CoreData.framework; path = System/Library/Frameworks/CoreData.framework; sourceTree = SDKROOT; };
/* End PBXFileReference section */

/* Begin PBXFrameworksBuildPhase section */
		1D60588F0D05DD3D006BFB54 /* Frameworks */ = {
			isa = PBXFrameworksBuildPhase;
			buildActionMask = 2147483647;
			files = (
				1D60589F0D05DD5A006BFB54 /* Foundation.framework in Frameworks */,
				1DF5F4E00D08C38300B7A737 /* UIKit.framework in Frameworks */,
				288765A50DF7441C002DB57D /* CoreGraphics.framework in Frameworks */,
				E7562D92108D588A00E60CC5 /* CoreData.framework in Frameworks */,
			);
			runOnlyForDeploymentPostprocessing = 0;
		};
/* End PBXFrameworksBuildPhase section */

/* Begin PBXGroup section */
		080E96DDFE201D6D7F000001 /* Classes */ = {
			isa = PBXGroup;
			children = (
				1D3623240D0F684500981E51 /* iBigTextAppDelegate.h */,
				1D3623250D0F684500981E51 /* iBigTextAppDelegate.m */,
				28D7ACF60DDB3853001CB0EB /* iBigTextViewController.h */,
				28D7ACF70DDB3853001CB0EB /* iBigTextViewController.m */,
				E7562C00108D239800E60CC5 /* iBigTextTermsController.h */,
				E7562C01108D239800E60CC5 /* iBigTextTermsController.m */,
			);
			path = Classes;
			sourceTree = "<group>";
		};
		19C28FACFE9D520D11CA2CBB /* Products */ = {
			isa = PBXGroup;
			children = (
				1D6058910D05DD3D006BFB54 /* iBigText.app */,
			);
			name = Products;
			sourceTree = "<group>";
		};
		29B97314FDCFA39411CA2CEA /* CustomTemplate */ = {
			isa = PBXGroup;
			children = (
				E73A7D5911057419001FBDB7 /* Entitlements.plist */,
				080E96DDFE201D6D7F000001 /* Classes */,
				29B97315FDCFA39411CA2CEA /* Other Sources */,
				29B97317FDCFA39411CA2CEA /* Resources */,
				29B97323FDCFA39411CA2CEA /* Frameworks */,
				19C28FACFE9D520D11CA2CBB /* Products */,
			);
			name = CustomTemplate;
			sourceTree = "<group>";
		};
		29B97315FDCFA39411CA2CEA /* Other Sources */ = {
			isa = PBXGroup;
			children = (
				32CA4F630368D1EE00C91783 /* iBigText_Prefix.pch */,
				29B97316FDCFA39411CA2CEA /* main.m */,
			);
			name = "Other Sources";
			sourceTree = "<group>";
		};
		29B97317FDCFA39411CA2CEA /* Resources */ = {
			isa = PBXGroup;
			children = (
				E730564810A922A400A3037E /* icon.jpg */,
				E730564910A922A400A3037E /* image_large.jpg */,
				E730564A10A922A400A3037E /* PriSS.png */,
				E7045C38108E9ACE00EA41E9 /* icon.png */,
				E7562D8B108D586F00E60CC5 /* Term.h */,
				E730564B10A922A400A3037E /* terms.sqlite */,
				E7562D8C108D586F00E60CC5 /* Term.m */,
				E7562CB5108D365000E60CC5 /* Terms.xcdatamodel */,
				E7562C02108D239800E60CC5 /* iBigTextTermsController.xib */,
				E7562B48108C12A900E60CC5 /* bg.png */,
				2899E5210DE3E06400AC0155 /* iBigTextViewController.xib */,
				28AD733E0D9D9553002E5188 /* MainWindow.xib */,
				8D1107310486CEB800E47090 /* iBigText-Info.plist */,
			);
			name = Resources;
			sourceTree = "<group>";
		};
		29B97323FDCFA39411CA2CEA /* Frameworks */ = {
			isa = PBXGroup;
			children = (
				1DF5F4DF0D08C38300B7A737 /* UIKit.framework */,
				1D30AB110D05D00D00671497 /* Foundation.framework */,
				288765A40DF7441C002DB57D /* CoreGraphics.framework */,
				E7562D91108D588A00E60CC5 /* CoreData.framework */,
			);
			name = Frameworks;
			sourceTree = "<group>";
		};
/* End PBXGroup section */

/* Begin PBXNativeTarget section */
		1D6058900D05DD3D006BFB54 /* BigText */ = {
			isa = PBXNativeTarget;
			buildConfigurationList = 1D6058960D05DD3E006BFB54 /* Build configuration list for PBXNativeTarget "BigText" */;
			buildPhases = (
				1D60588D0D05DD3D006BFB54 /* Resources */,
				1D60588E0D05DD3D006BFB54 /* Sources */,
				1D60588F0D05DD3D006BFB54 /* Frameworks */,
			);
			buildRules = (
			);
			dependencies = (
			);
			name = BigText;
			productName = iBigText;
			productReference = 1D6058910D05DD3D006BFB54 /* iBigText.app */;
			productType = "com.apple.product-type.application";
		};
/* End PBXNativeTarget section */

/* Begin PBXProject section */
		29B97313FDCFA39411CA2CEA /* Project object */ = {
			isa = PBXProject;
			buildConfigurationList = C01FCF4E08A954540054247B /* Build configuration list for PBXProject "iBigText" */;
			compatibilityVersion = "Xcode 3.1";
			hasScannedForEncodings = 1;
			mainGroup = 29B97314FDCFA39411CA2CEA /* CustomTemplate */;
			projectDirPath = "";
			projectRoot = "";
			targets = (
				1D6058900D05DD3D006BFB54 /* BigText */,
			);
		};
/* End PBXProject section */

/* Begin PBXResourcesBuildPhase section */
		1D60588D0D05DD3D006BFB54 /* Resources */ = {
			isa = PBXResourcesBuildPhase;
			buildActionMask = 2147483647;
			files = (
				28AD733F0D9D9553002E5188 /* MainWindow.xib in Resources */,
				2899E5220DE3E06400AC0155 /* iBigTextViewController.xib in Resources */,
				E7562B49108C12A900E60CC5 /* bg.png in Resources */,
				E7562C04108D239800E60CC5 /* iBigTextTermsController.xib in Resources */,
				E7045C39108E9ACE00EA41E9 /* icon.png in Resources */,
				E730564C10A922A400A3037E /* icon.jpg in Resources */,
				E730564D10A922A400A3037E /* image_large.jpg in Resources */,
				E730564E10A922A400A3037E /* PriSS.png in Resources */,
				E730564F10A922A400A3037E /* terms.sqlite in Resources */,
				E73A7D5A11057419001FBDB7 /* Entitlements.plist in Resources */,
			);
			runOnlyForDeploymentPostprocessing = 0;
		};
/* End PBXResourcesBuildPhase section */

/* Begin PBXSourcesBuildPhase section */
		1D60588E0D05DD3D006BFB54 /* Sources */ = {
			isa = PBXSourcesBuildPhase;
			buildActionMask = 2147483647;
			files = (
				1D60589B0D05DD56006BFB54 /* main.m in Sources */,
				1D3623260D0F684500981E51 /* iBigTextAppDelegate.m in Sources */,
				28D7ACF80DDB3853001CB0EB /* iBigTextViewController.m in Sources */,
				E7562C03108D239800E60CC5 /* iBigTextTermsController.m in Sources */,
				E7562CB6108D365000E60CC5 /* Terms.xcdatamodel in Sources */,
				E7562D8D108D586F00E60CC5 /* Term.m in Sources */,
			);
			runOnlyForDeploymentPostprocessing = 0;
		};
/* End PBXSourcesBuildPhase section */

/* Begin XCBuildConfiguration section */
		1D6058940D05DD3E006BFB54 /* Debug */ = {
			isa = XCBuildConfiguration;
			buildSettings = {
				ALWAYS_SEARCH_USER_PATHS = NO;
				COPY_PHASE_STRIP = NO;
				GCC_DYNAMIC_NO_PIC = NO;
				GCC_OPTIMIZATION_LEVEL = 0;
				GCC_PRECOMPILE_PREFIX_HEADER = YES;
				GCC_PREFIX_HEADER = iBigText_Prefix.pch;
				INFOPLIST_FILE = "iBigText-Info.plist";
				PRODUCT_NAME = iBigText;
			};
			name = Debug;
		};
		1D6058950D05DD3E006BFB54 /* Release */ = {
			isa = XCBuildConfiguration;
			buildSettings = {
				ALWAYS_SEARCH_USER_PATHS = NO;
				COPY_PHASE_STRIP = YES;
				GCC_PRECOMPILE_PREFIX_HEADER = YES;
				GCC_PREFIX_HEADER = iBigText_Prefix.pch;
				INFOPLIST_FILE = "iBigText-Info.plist";
				PRODUCT_NAME = BigText;
			};
			name = Release;
		};
		C01FCF4F08A954540054247B /* Debug */ = {
			isa = XCBuildConfiguration;
			buildSettings = {
				ARCHS = "$(ARCHS_STANDARD_32_BIT)";
				"CODE_SIGN_IDENTITY[sdk=iphoneos*]" = "iPhone Developer: Thomas Rudick (7CB7636797)";
				GCC_C_LANGUAGE_STANDARD = c99;
				GCC_WARN_ABOUT_RETURN_TYPE = YES;
				GCC_WARN_UNUSED_VARIABLE = YES;
				PREBINDING = NO;
				"PROVISIONING_PROFILE[sdk=iphoneos*]" = "8EBCEF5C-2C78-4ADB-9329-E9D39C63C91E";
				SDKROOT = iphoneos3.1.2;
			};
			name = Debug;
		};
		C01FCF5008A954540054247B /* Release */ = {
			isa = XCBuildConfiguration;
			buildSettings = {
				ARCHS = "$(ARCHS_STANDARD_32_BIT)";
				CODE_SIGN_ENTITLEMENTS = Entitlements.plist;
				"CODE_SIGN_IDENTITY[sdk=iphoneos*]" = "iPhone Distribution: Thomas Rudick";
				GCC_C_LANGUAGE_STANDARD = c99;
				GCC_WARN_ABOUT_RETURN_TYPE = YES;
				GCC_WARN_UNUSED_VARIABLE = YES;
				PREBINDING = NO;
				"PROVISIONING_PROFILE[sdk=iphoneos*]" = "A2F19297-4F79-42D6-A796-7ADFB24C2754";
				SDKROOT = iphoneos3.1.2;
			};
			name = Release;
		};
/* End XCBuildConfiguration section */

/* Begin XCConfigurationList section */
		1D6058960D05DD3E006BFB54 /* Build configuration list for PBXNativeTarget "BigText" */ = {
			isa = XCConfigurationList;
			buildConfigurations = (
				1D6058940D05DD3E006BFB54 /* Debug */,
				1D6058950D05DD3E006BFB54 /* Release */,
			);
			defaultConfigurationIsVisible = 0;
			defaultConfigurationName = Release;
		};
		C01FCF4E08A954540054247B /* Build configuration list for PBXProject "iBigText" */ = {
			isa = XCConfigurationList;
			buildConfigurations = (
				C01FCF4F08A954540054247B /* Debug */,
				C01FCF5008A954540054247B /* Release */,
			);
			defaultConfigurationIsVisible = 0;
			defaultConfigurationName = Release;
		};
/* End XCConfigurationList section */
	};
	rootObject = 29B97313FDCFA39411CA2CEA /* Project object */;
}
